
Microsoft Visual Studio Solution File, Format Version 12.00
# Visual Studio Version 16
VisualStudioVersion = 16.0.31729.503
MinimumVisualStudioVersion = 10.0.40219.1
Project("{FAE04EC0-301F-11D3-BF4B-00C04F79EFBC}") = "HRADWebReporting", "HRADWebReporting.csproj", "{E4C95F35-4D31-4C66-9BC2-2B84BF719555}"
EndProject
Project("{FAE04EC0-301F-11D3-BF4B-00C04F79EFBC}") = "HR.Core", "..\HR.Core\HR.Core.csproj", "{7BEEA431-A249-4E82-9358-3B82FEDC78FE}"
EndProject
Project("{FAE04EC0-301F-11D3-BF4B-00C04F79EFBC}") = "HR.Data", "..\HR.Data\HR.Data.csproj", "{FF98BFF2-C0D5-4B04-AB9F-4F1EBED72EB7}"
EndProject
Global
	GlobalSection(SolutionConfigurationPlatforms) = preSolution
		Debug|Any CPU = Debug|Any CPU
		Release|Any CPU = Release|Any CPU
	EndGlobalSection
	GlobalSection(ProjectConfigurationPlatforms) = postSolution
		{E4C95F35-4D31-4C66-9BC2-2B84BF719555}.Debug|Any CPU.ActiveCfg = Debug|Any CPU
		{E4C95F35-4D31-4C66-9BC2-2B84BF719555}.Debug|Any CPU.Build.0 = Debug|Any CPU
		{E4C95F35-4D31-4C66-9BC2-2B84BF719555}.Release|Any CPU.ActiveCfg = Release|Any CPU
		{E4C95F35-4D31-4C66-9BC2-2B84BF719555}.Release|Any CPU.Build.0 = Release|Any CPU
		{7BEEA431-A249-4E82-9358-3B82FEDC78FE}.Debug|Any CPU.ActiveCfg = Debug|Any CPU
		{7BEEA431-A249-4E82-9358-3B82FEDC78FE}.Debug|Any CPU.Build.0 = Debug|Any CPU
		{7BEEA431-A249-4E82-9358-3B82FEDC78FE}.Release|Any CPU.ActiveCfg = Release|Any CPU
		{7BEEA431-A249-4E82-9358-3B82FEDC78FE}.Release|Any CPU.Build.0 = Release|Any CPU
		{FF98BFF2-C0D5-4B04-AB9F-4F1EBED72EB7}.Debug|Any CPU.ActiveCfg = Debug|Any CPU
		{FF98BFF2-C0D5-4B04-AB9F-4F1EBED72EB7}.Debug|Any CPU.Build.0 = Debug|Any CPU
		{FF98BFF2-C0D5-4B04-AB9F-4F1EBED72EB7}.Release|Any CPU.ActiveCfg = Release|Any CPU
		{FF98BFF2-C0D5-4B04-AB9F-4F1EBED72EB7}.Release|Any CPU.Build.0 = Release|Any CPU
	EndGlobalSection
	GlobalSection(SolutionProperties) = preSolution
		HideSolutionNode = FALSE
	EndGlobalSection
	GlobalSection(ExtensibilityGlobals) = postSolution
		SolutionGuid = {DD685C47-341F-46C6-8FBF-48AEB26561D7}
	EndGlobalSection
EndGlobal
